
Microsoft Visual Studio Solution File, Format Version 12.00
# Visual Studio 15
VisualStudioVersion = 15.0.26228.9
MinimumVisualStudioVersion = 10.0.40219.1
Project("{2150E333-8FDC-42A3-9474-1A3956D46DE8}") = "Solution Items", "Solution Items", "{9B102ECF-68F7-42DE-8EBA-3FAC8885ECE1}"
	ProjectSection(SolutionItems) = preProject
		analysis.ruleset = analysis.ruleset
		stylecop.json = stylecop.json
	EndProjectSection
EndProject
Project("{2150E333-8FDC-42A3-9474-1A3956D46DE8}") = "src", "src", "{D9030E8F-5A38-4ECA-B754-24FD12F30DAB}"
EndProject
Project("{9A19103F-16F7-4668-BE54-9A1E7A4F7556}") = "MetricAggregator", "src\MetricAggregator\MetricAggregator.csproj", "{BF3EF3D8-B036-436C-9F6E-65F3B4739158}"
EndProject
Global
	GlobalSection(SolutionConfigurationPlatforms) = preSolution
		Debug|Any CPU = Debug|Any CPU
		Release|Any CPU = Release|Any CPU
	EndGlobalSection
	GlobalSection(ProjectConfigurationPlatforms) = postSolution
		{BF3EF3D8-B036-436C-9F6E-65F3B4739158}.Debug|Any CPU.ActiveCfg = Debug|Any CPU
		{BF3EF3D8-B036-436C-9F6E-65F3B4739158}.Debug|Any CPU.Build.0 = Debug|Any CPU
		{BF3EF3D8-B036-436C-9F6E-65F3B4739158}.Release|Any CPU.ActiveCfg = Release|Any CPU
		{BF3EF3D8-B036-436C-9F6E-65F3B4739158}.Release|Any CPU.Build.0 = Release|Any CPU
	EndGlobalSection
	GlobalSection(SolutionProperties) = preSolution
		HideSolutionNode = FALSE
	EndGlobalSection
	GlobalSection(NestedProjects) = preSolution
		{BF3EF3D8-B036-436C-9F6E-65F3B4739158} = {D9030E8F-5A38-4ECA-B754-24FD12F30DAB}
	EndGlobalSection
EndGlobal
